// !$*UTF8*$!
{
	archiveVersion = 1;
	classes = {
	};
	objectVersion = 55;
	objects = {

/* Begin PBXBuildFile section */
		420750242807CD390000635C /* FauxActivity WatchKit App.app in Embed Watch Content */ = {isa = PBXBuildFile; fileRef = 420750232807CD390000635C /* FauxActivity WatchKit App.app */; settings = {ATTRIBUTES = (RemoveHeadersOnCopy, ); }; };
		420750292807CD390000635C /* Assets.xcassets in Resources */ = {isa = PBXBuildFile; fileRef = 420750282807CD390000635C /* Assets.xcassets */; };
		4207502F2807CD390000635C /* FauxActivity WatchKit Extension.appex in Embed App Extensions */ = {isa = PBXBuildFile; fileRef = 4207502E2807CD390000635C /* FauxActivity WatchKit Extension.appex */; settings = {ATTRIBUTES = (RemoveHeadersOnCopy, ); }; };
		420750342807CD390000635C /* ContentView.swift in Sources */ = {isa = PBXBuildFile; fileRef = 420750332807CD390000635C /* ContentView.swift */; };
		420750362807CD390000635C /* FauxActivityApp.swift in Sources */ = {isa = PBXBuildFile; fileRef = 420750352807CD390000635C /* FauxActivityApp.swift */; };
		420750382807CD390000635C /* ComplicationController.swift in Sources */ = {isa = PBXBuildFile; fileRef = 420750372807CD390000635C /* ComplicationController.swift */; };
		4207503A2807CD3A0000635C /* Assets.xcassets in Resources */ = {isa = PBXBuildFile; fileRef = 420750392807CD3A0000635C /* Assets.xcassets */; };
		4207503D2807CD3A0000635C /* Preview Assets.xcassets in Resources */ = {isa = PBXBuildFile; fileRef = 4207503C2807CD3A0000635C /* Preview Assets.xcassets */; };
		420750502807CDDA0000635C /* Dynamic in Frameworks */ = {isa = PBXBuildFile; productRef = 4207504F2807CDDA0000635C /* Dynamic */; };
		420750522807CDF60000635C /* BadgeView.swift in Sources */ = {isa = PBXBuildFile; fileRef = 420750512807CDF60000635C /* BadgeView.swift */; };
		42BB55BD2808B19B0091209D /* ActivityAchievements in Resources */ = {isa = PBXBuildFile; fileRef = 42BB55BC2808B19B0091209D /* ActivityAchievements */; };
		42BB55C12808B5DE0091209D /* BadgeProvider.swift in Sources */ = {isa = PBXBuildFile; fileRef = 42BB55C02808B5DE0091209D /* BadgeProvider.swift */; };
/* End PBXBuildFile section */

/* Begin PBXContainerItemProxy section */
		420750252807CD390000635C /* PBXContainerItemProxy */ = {
			isa = PBXContainerItemProxy;
			containerPortal = 420750192807CD380000635C /* Project object */;
			proxyType = 1;
			remoteGlobalIDString = 420750222807CD390000635C;
			remoteInfo = "FauxActivity WatchKit App";
		};
		420750302807CD390000635C /* PBXContainerItemProxy */ = {
			isa = PBXContainerItemProxy;
			containerPortal = 420750192807CD380000635C /* Project object */;
			proxyType = 1;
			remoteGlobalIDString = 4207502D2807CD390000635C;
			remoteInfo = "FauxActivity WatchKit Extension";
		};
/* End PBXContainerItemProxy section */

/* Begin PBXCopyFilesBuildPhase section */
		420750442807CD3A0000635C /* Embed App Extensions */ = {
			isa = PBXCopyFilesBuildPhase;
			buildActionMask = 2147483647;
			dstPath = "";
			dstSubfolderSpec = 13;
			files = (
				4207502F2807CD390000635C /* FauxActivity WatchKit Extension.appex in Embed App Extensions */,
			);
			name = "Embed App Extensions";
			runOnlyForDeploymentPostprocessing = 0;
		};
		420750482807CD3A0000635C /* Embed Watch Content */ = {
			isa = PBXCopyFilesBuildPhase;
			buildActionMask = 2147483647;
			dstPath = "$(CONTENTS_FOLDER_PATH)/Watch";
			dstSubfolderSpec = 16;
			files = (
				420750242807CD390000635C /* FauxActivity WatchKit App.app in Embed Watch Content */,
			);
			name = "Embed Watch Content";
			runOnlyForDeploymentPostprocessing = 0;
		};
/* End PBXCopyFilesBuildPhase section */

/* Begin PBXFileReference section */
		4207501F2807CD390000635C /* FauxActivity.app */ = {isa = PBXFileReference; explicitFileType = wrapper.application; includeInIndex = 0; path = FauxActivity.app; sourceTree = BUILT_PRODUCTS_DIR; };
		420750232807CD390000635C /* FauxActivity WatchKit App.app */ = {isa = PBXFileReference; explicitFileType = wrapper.application; includeInIndex = 0; path = "FauxActivity WatchKit App.app"; sourceTree = BUILT_PRODUCTS_DIR; };
		420750282807CD390000635C /* Assets.xcassets */ = {isa = PBXFileReference; lastKnownFileType = folder.assetcatalog; path = Assets.xcassets; sourceTree = "<group>"; };
		4207502E2807CD390000635C /* FauxActivity WatchKit Extension.appex */ = {isa = PBXFileReference; explicitFileType = "wrapper.app-extension"; includeInIndex = 0; path = "FauxActivity WatchKit Extension.appex"; sourceTree = BUILT_PRODUCTS_DIR; };
		420750332807CD390000635C /* ContentView.swift */ = {isa = PBXFileReference; lastKnownFileType = sourcecode.swift; path = ContentView.swift; sourceTree = "<group>"; };
		420750352807CD390000635C /* FauxActivityApp.swift */ = {isa = PBXFileReference; lastKnownFileType = sourcecode.swift; path = FauxActivityApp.swift; sourceTree = "<group>"; };
		420750372807CD390000635C /* ComplicationController.swift */ = {isa = PBXFileReference; lastKnownFileType = sourcecode.swift; path = ComplicationController.swift; sourceTree = "<group>"; };
		420750392807CD3A0000635C /* Assets.xcassets */ = {isa = PBXFileReference; lastKnownFileType = folder.assetcatalog; path = Assets.xcassets; sourceTree = "<group>"; };
		4207503C2807CD3A0000635C /* Preview Assets.xcassets */ = {isa = PBXFileReference; lastKnownFileType = folder.assetcatalog; path = "Preview Assets.xcassets"; sourceTree = "<group>"; };
		4207503E2807CD3A0000635C /* Info.plist */ = {isa = PBXFileReference; lastKnownFileType = text.plist.xml; path = Info.plist; sourceTree = "<group>"; };
		420750512807CDF60000635C /* BadgeView.swift */ = {isa = PBXFileReference; lastKnownFileType = sourcecode.swift; path = BadgeView.swift; sourceTree = "<group>"; };
		42BB55BC2808B19B0091209D /* ActivityAchievements */ = {isa = PBXFileReference; fileEncoding = 4; lastKnownFileType = text; path = ActivityAchievements; sourceTree = SOURCE_ROOT; };
		42BB55C02808B5DE0091209D /* BadgeProvider.swift */ = {isa = PBXFileReference; lastKnownFileType = sourcecode.swift; path = BadgeProvider.swift; sourceTree = "<group>"; };
/* End PBXFileReference section */

/* Begin PBXFrameworksBuildPhase section */
		4207502B2807CD390000635C /* Frameworks */ = {
			isa = PBXFrameworksBuildPhase;
			buildActionMask = 2147483647;
			files = (
				420750502807CDDA0000635C /* Dynamic in Frameworks */,
			);
			runOnlyForDeploymentPostprocessing = 0;
		};
/* End PBXFrameworksBuildPhase section */

/* Begin PBXGroup section */
		420750182807CD380000635C = {
			isa = PBXGroup;
			children = (
				420750272807CD390000635C /* FauxActivity WatchKit App */,
				420750322807CD390000635C /* FauxActivity WatchKit Extension */,
				420750202807CD390000635C /* Products */,
				4207504E2807CDDA0000635C /* Frameworks */,
			);
			sourceTree = "<group>";
		};
		420750202807CD390000635C /* Products */ = {
			isa = PBXGroup;
			children = (
				4207501F2807CD390000635C /* FauxActivity.app */,
				420750232807CD390000635C /* FauxActivity WatchKit App.app */,
				4207502E2807CD390000635C /* FauxActivity WatchKit Extension.appex */,
			);
			name = Products;
			sourceTree = "<group>";
		};
		420750272807CD390000635C /* FauxActivity WatchKit App */ = {
			isa = PBXGroup;
			children = (
				420750282807CD390000635C /* Assets.xcassets */,
			);
			path = "FauxActivity WatchKit App";
			sourceTree = "<group>";
		};
		420750322807CD390000635C /* FauxActivity WatchKit Extension */ = {
			isa = PBXGroup;
			children = (
				42BB55BC2808B19B0091209D /* ActivityAchievements */,
				42BB55C02808B5DE0091209D /* BadgeProvider.swift */,
				420750512807CDF60000635C /* BadgeView.swift */,
				420750332807CD390000635C /* ContentView.swift */,
				420750352807CD390000635C /* FauxActivityApp.swift */,
				420750372807CD390000635C /* ComplicationController.swift */,
				420750392807CD3A0000635C /* Assets.xcassets */,
				4207503E2807CD3A0000635C /* Info.plist */,
				4207503B2807CD3A0000635C /* Preview Content */,
			);
			path = "FauxActivity WatchKit Extension";
			sourceTree = "<group>";
		};
		4207503B2807CD3A0000635C /* Preview Content */ = {
			isa = PBXGroup;
			children = (
				4207503C2807CD3A0000635C /* Preview Assets.xcassets */,
			);
			path = "Preview Content";
			sourceTree = "<group>";
		};
		4207504E2807CDDA0000635C /* Frameworks */ = {
			isa = PBXGroup;
			children = (
			);
			name = Frameworks;
			sourceTree = "<group>";
		};
/* End PBXGroup section */

/* Begin PBXNativeTarget section */
		4207501E2807CD380000635C /* FauxActivity */ = {
			isa = PBXNativeTarget;
			buildConfigurationList = 420750492807CD3A0000635C /* Build configuration list for PBXNativeTarget "FauxActivity" */;
			buildPhases = (
				4207501D2807CD380000635C /* Resources */,
				420750482807CD3A0000635C /* Embed Watch Content */,
			);
			buildRules = (
			);
			dependencies = (
				420750262807CD390000635C /* PBXTargetDependency */,
			);
			name = FauxActivity;
			packageProductDependencies = (
				4207504D2807CDCD0000635C /* Dynamic */,
			);
			productName = FauxActivity;
			productReference = 4207501F2807CD390000635C /* FauxActivity.app */;
			productType = "com.apple.product-type.application.watchapp2-container";
		};
		420750222807CD390000635C /* FauxActivity WatchKit App */ = {
			isa = PBXNativeTarget;
			buildConfigurationList = 420750452807CD3A0000635C /* Build configuration list for PBXNativeTarget "FauxActivity WatchKit App" */;
			buildPhases = (
				420750212807CD390000635C /* Resources */,
				420750442807CD3A0000635C /* Embed App Extensions */,
			);
			buildRules = (
			);
			dependencies = (
				420750312807CD390000635C /* PBXTargetDependency */,
			);
			name = "FauxActivity WatchKit App";
			productName = "FauxActivity WatchKit App";
			productReference = 420750232807CD390000635C /* FauxActivity WatchKit App.app */;
			productType = "com.apple.product-type.application.watchapp2";
		};
		4207502D2807CD390000635C /* FauxActivity WatchKit Extension */ = {
			isa = PBXNativeTarget;
			buildConfigurationList = 420750412807CD3A0000635C /* Build configuration list for PBXNativeTarget "FauxActivity WatchKit Extension" */;
			buildPhases = (
				4207502A2807CD390000635C /* Sources */,
				4207502B2807CD390000635C /* Frameworks */,
				4207502C2807CD390000635C /* Resources */,
			);
			buildRules = (
			);
			dependencies = (
			);
			name = "FauxActivity WatchKit Extension";
			packageProductDependencies = (
				4207504F2807CDDA0000635C /* Dynamic */,
			);
			productName = "FauxActivity WatchKit Extension";
			productReference = 4207502E2807CD390000635C /* FauxActivity WatchKit Extension.appex */;
			productType = "com.apple.product-type.watchkit2-extension";
		};
/* End PBXNativeTarget section */

/* Begin PBXProject section */
		420750192807CD380000635C /* Project object */ = {
			isa = PBXProject;
			attributes = {
				BuildIndependentTargetsInParallel = 1;
				LastSwiftUpdateCheck = 1330;
				LastUpgradeCheck = 1330;
				TargetAttributes = {
					4207501E2807CD380000635C = {
						CreatedOnToolsVersion = 13.3.1;
					};
					420750222807CD390000635C = {
						CreatedOnToolsVersion = 13.3.1;
					};
					4207502D2807CD390000635C = {
						CreatedOnToolsVersion = 13.3.1;
					};
				};
			};
			buildConfigurationList = 4207501C2807CD380000635C /* Build configuration list for PBXProject "FauxActivity" */;
			compatibilityVersion = "Xcode 13.0";
			developmentRegion = en;
			hasScannedForEncodings = 0;
			knownRegions = (
				en,
				Base,
			);
			mainGroup = 420750182807CD380000635C;
			packageReferences = (
				4207504C2807CDCD0000635C /* XCRemoteSwiftPackageReference "Dynamic" */,
			);
			productRefGroup = 420750202807CD390000635C /* Products */;
			projectDirPath = "";
			projectRoot = "";
			targets = (
				4207501E2807CD380000635C /* FauxActivity */,
				420750222807CD390000635C /* FauxActivity WatchKit App */,
				4207502D2807CD390000635C /* FauxActivity WatchKit Extension */,
			);
		};
/* End PBXProject section */

/* Begin PBXResourcesBuildPhase section */
		4207501D2807CD380000635C /* Resources */ = {
			isa = PBXResourcesBuildPhase;
			buildActionMask = 2147483647;
			files = (
			);
			runOnlyForDeploymentPostprocessing = 0;
		};
		420750212807CD390000635C /* Resources */ = {
			isa = PBXResourcesBuildPhase;
			buildActionMask = 2147483647;
			files = (
				420750292807CD390000635C /* Assets.xcassets in Resources */,
			);
			runOnlyForDeploymentPostprocessing = 0;
		};
		4207502C2807CD390000635C /* Resources */ = {
			isa = PBXResourcesBuildPhase;
			buildActionMask = 2147483647;
			files = (
				4207503D2807CD3A0000635C /* Preview Assets.xcassets in Resources */,
				4207503A2807CD3A0000635C /* Assets.xcassets in Resources */,
				42BB55BD2808B19B0091209D /* ActivityAchievements in Resources */,
			);
			runOnlyForDeploymentPostprocessing = 0;
		};
/* End PBXResourcesBuildPhase section */

/* Begin PBXSourcesBuildPhase section */
		4207502A2807CD390000635C /* Sources */ = {
			isa = PBXSourcesBuildPhase;
			buildActionMask = 2147483647;
			files = (
				42BB55C12808B5DE0091209D /* BadgeProvider.swift in Sources */,
				420750522807CDF60000635C /* BadgeView.swift in Sources */,
				420750362807CD390000635C /* FauxActivityApp.swift in Sources */,
				420750342807CD390000635C /* ContentView.swift in Sources */,
				420750382807CD390000635C /* ComplicationController.swift in Sources */,
			);
			runOnlyForDeploymentPostprocessing = 0;
		};
/* End PBXSourcesBuildPhase section */

/* Begin PBXTargetDependency section */
		420750262807CD390000635C /* PBXTargetDependency */ = {
			isa = PBXTargetDependency;
			target = 420750222807CD390000635C /* FauxActivity WatchKit App */;
			targetProxy = 420750252807CD390000635C /* PBXContainerItemProxy */;
		};
		420750312807CD390000635C /* PBXTargetDependency */ = {
			isa = PBXTargetDependency;
			target = 4207502D2807CD390000635C /* FauxActivity WatchKit Extension */;
			targetProxy = 420750302807CD390000635C /* PBXContainerItemProxy */;
		};
/* End PBXTargetDependency section */

/* Begin XCBuildConfiguration section */
		4207503F2807CD3A0000635C /* Debug */ = {
			isa = XCBuildConfiguration;
			buildSettings = {
				ALWAYS_SEARCH_USER_PATHS = NO;
				CLANG_ANALYZER_NONNULL = YES;
				CLANG_ANALYZER_NUMBER_OBJECT_CONVERSION = YES_AGGRESSIVE;
				CLANG_CXX_LANGUAGE_STANDARD = "gnu++17";
				CLANG_ENABLE_MODULES = YES;
				CLANG_ENABLE_OBJC_ARC = YES;
				CLANG_ENABLE_OBJC_WEAK = YES;
				CLANG_WARN_BLOCK_CAPTURE_AUTORELEASING = YES;
				CLANG_WARN_BOOL_CONVERSION = YES;
				CLANG_WARN_COMMA = YES;
				CLANG_WARN_CONSTANT_CONVERSION = YES;
				CLANG_WARN_DEPRECATED_OBJC_IMPLEMENTATIONS = YES;
				CLANG_WARN_DIRECT_OBJC_ISA_USAGE = YES_ERROR;
				CLANG_WARN_DOCUMENTATION_COMMENTS = YES;
				CLANG_WARN_EMPTY_BODY = YES;
				CLANG_WARN_ENUM_CONVERSION = YES;
				CLANG_WARN_INFINITE_RECURSION = YES;
				CLANG_WARN_INT_CONVERSION = YES;
				CLANG_WARN_NON_LITERAL_NULL_CONVERSION = YES;
				CLANG_WARN_OBJC_IMPLICIT_RETAIN_SELF = YES;
				CLANG_WARN_OBJC_LITERAL_CONVERSION = YES;
				CLANG_WARN_OBJC_ROOT_CLASS = YES_ERROR;
				CLANG_WARN_QUOTED_INCLUDE_IN_FRAMEWORK_HEADER = YES;
				CLANG_WARN_RANGE_LOOP_ANALYSIS = YES;
				CLANG_WARN_STRICT_PROTOTYPES = YES;
				CLANG_WARN_SUSPICIOUS_MOVE = YES;
				CLANG_WARN_UNGUARDED_AVAILABILITY = YES_AGGRESSIVE;
				CLANG_WARN_UNREACHABLE_CODE = YES;
				CLANG_WARN__DUPLICATE_METHOD_MATCH = YES;
				COPY_PHASE_STRIP = NO;
				DEBUG_INFORMATION_FORMAT = dwarf;
				ENABLE_STRICT_OBJC_MSGSEND = YES;
				ENABLE_TESTABILITY = YES;
				GCC_C_LANGUAGE_STANDARD = gnu11;
				GCC_DYNAMIC_NO_PIC = NO;
				GCC_NO_COMMON_BLOCKS = YES;
				GCC_OPTIMIZATION_LEVEL = 0;
				GCC_PREPROCESSOR_DEFINITIONS = (
					"DEBUG=1",
					"$(inherited)",
				);
				GCC_WARN_64_TO_32_BIT_CONVERSION = YES;
				GCC_WARN_ABOUT_RETURN_TYPE = YES_ERROR;
				GCC_WARN_UNDECLARED_SELECTOR = YES;
				GCC_WARN_UNINITIALIZED_AUTOS = YES_AGGRESSIVE;
				GCC_WARN_UNUSED_FUNCTION = YES;
				GCC_WARN_UNUSED_VARIABLE = YES;
				MTL_ENABLE_DEBUG_INFO = INCLUDE_SOURCE;
				MTL_FAST_MATH = YES;
				ONLY_ACTIVE_ARCH = YES;
				SDKROOT = iphoneos;
				SWIFT_ACTIVE_COMPILATION_CONDITIONS = DEBUG;
				SWIFT_OPTIMIZATION_LEVEL = "-Onone";
			};
			name = Debug;
		};
		420750402807CD3A0000635C /* Release */ = {
			isa = XCBuildConfiguration;
			buildSettings = {
				ALWAYS_SEARCH_USER_PATHS = NO;
				CLANG_ANALYZER_NONNULL = YES;
				CLANG_ANALYZER_NUMBER_OBJECT_CONVERSION = YES_AGGRESSIVE;
				CLANG_CXX_LANGUAGE_STANDARD = "gnu++17";
				CLANG_ENABLE_MODULES = YES;
				CLANG_ENABLE_OBJC_ARC = YES;
				CLANG_ENABLE_OBJC_WEAK = YES;
				CLANG_WARN_BLOCK_CAPTURE_AUTORELEASING = YES;
				CLANG_WARN_BOOL_CONVERSION = YES;
				CLANG_WARN_COMMA = YES;
				CLANG_WARN_CONSTANT_CONVERSION = YES;
				CLANG_WARN_DEPRECATED_OBJC_IMPLEMENTATIONS = YES;
				CLANG_WARN_DIRECT_OBJC_ISA_USAGE = YES_ERROR;
				CLANG_WARN_DOCUMENTATION_COMMENTS = YES;
				CLANG_WARN_EMPTY_BODY = YES;
				CLANG_WARN_ENUM_CONVERSION = YES;
				CLANG_WARN_INFINITE_RECURSION = YES;
				CLANG_WARN_INT_CONVERSION = YES;
				CLANG_WARN_NON_LITERAL_NULL_CONVERSION = YES;
				CLANG_WARN_OBJC_IMPLICIT_RETAIN_SELF = YES;
				CLANG_WARN_OBJC_LITERAL_CONVERSION = YES;
				CLANG_WARN_OBJC_ROOT_CLASS = YES_ERROR;
				CLANG_WARN_QUOTED_INCLUDE_IN_FRAMEWORK_HEADER = YES;
				CLANG_WARN_RANGE_LOOP_ANALYSIS = YES;
				CLANG_WARN_STRICT_PROTOTYPES = YES;
				CLANG_WARN_SUSPICIOUS_MOVE = YES;
				CLANG_WARN_UNGUARDED_AVAILABILITY = YES_AGGRESSIVE;
				CLANG_WARN_UNREACHABLE_CODE = YES;
				CLANG_WARN__DUPLICATE_METHOD_MATCH = YES;
				COPY_PHASE_STRIP = NO;
				DEBUG_INFORMATION_FORMAT = "dwarf-with-dsym";
				ENABLE_NS_ASSERTIONS = NO;
				ENABLE_STRICT_OBJC_MSGSEND = YES;
				GCC_C_LANGUAGE_STANDARD = gnu11;
				GCC_NO_COMMON_BLOCKS = YES;
				GCC_WARN_64_TO_32_BIT_CONVERSION = YES;
				GCC_WARN_ABOUT_RETURN_TYPE = YES_ERROR;
				GCC_WARN_UNDECLARED_SELECTOR = YES;
				GCC_WARN_UNINITIALIZED_AUTOS = YES_AGGRESSIVE;
				GCC_WARN_UNUSED_FUNCTION = YES;
				GCC_WARN_UNUSED_VARIABLE = YES;
				MTL_ENABLE_DEBUG_INFO = NO;
				MTL_FAST_MATH = YES;
				SDKROOT = iphoneos;
				SWIFT_COMPILATION_MODE = wholemodule;
				SWIFT_OPTIMIZATION_LEVEL = "-O";
				VALIDATE_PRODUCT = YES;
			};
			name = Release;
		};
		420750422807CD3A0000635C /* Debug */ = {
			isa = XCBuildConfiguration;
			buildSettings = {
				ASSETCATALOG_COMPILER_COMPLICATION_NAME = Complication;
				CODE_SIGN_STYLE = Automatic;
				CURRENT_PROJECT_VERSION = 1;
				DEVELOPMENT_ASSET_PATHS = "FauxActivity\\ WatchKit\\ Extension/Preview\\ Content ActivityAchievements";
				DEVELOPMENT_TEAM = NP873NYDVX;
				ENABLE_PREVIEWS = YES;
				GENERATE_INFOPLIST_FILE = YES;
				INFOPLIST_FILE = "FauxActivity WatchKit Extension/Info.plist";
				INFOPLIST_KEY_CFBundleDisplayName = "FauxActivity WatchKit Extension";
				INFOPLIST_KEY_CLKComplicationPrincipalClass = "$(PRODUCT_MODULE_NAME).ComplicationController";
				INFOPLIST_KEY_NSHumanReadableCopyright = "";
				INFOPLIST_KEY_WKWatchOnly = YES;
				LD_RUNPATH_SEARCH_PATHS = (
					"$(inherited)",
					"@executable_path/Frameworks",
					"@executable_path/../../Frameworks",
				);
				MARKETING_VERSION = 1.0;
				PRODUCT_BUNDLE_IDENTIFIER = space.joscomputing.FauxActivity.watchkitapp.watchkitextension;
				PRODUCT_NAME = "${TARGET_NAME}";
				SDKROOT = watchos;
				SKIP_INSTALL = YES;
				SWIFT_EMIT_LOC_STRINGS = YES;
				SWIFT_VERSION = 5.0;
				TARGETED_DEVICE_FAMILY = 4;
				WATCHOS_DEPLOYMENT_TARGET = 8.5;
			};
			name = Debug;
		};
		420750432807CD3A0000635C /* Release */ = {
			isa = XCBuildConfiguration;
			buildSettings = {
				ASSETCATALOG_COMPILER_COMPLICATION_NAME = Complication;
				CODE_SIGN_STYLE = Automatic;
				CURRENT_PROJECT_VERSION = 1;
				DEVELOPMENT_ASSET_PATHS = "FauxActivity\\ WatchKit\\ Extension/Preview\\ Content ActivityAchievements";
				DEVELOPMENT_TEAM = NP873NYDVX;
				ENABLE_PREVIEWS = YES;
				GENERATE_INFOPLIST_FILE = YES;
				INFOPLIST_FILE = "FauxActivity WatchKit Extension/Info.plist";
				INFOPLIST_KEY_CFBundleDisplayName = "FauxActivity WatchKit Extension";
				INFOPLIST_KEY_CLKComplicationPrincipalClass = "$(PRODUCT_MODULE_NAME).ComplicationController";
				INFOPLIST_KEY_NSHumanReadableCopyright = "";
				INFOPLIST_KEY_WKWatchOnly = YES;
				LD_RUNPATH_SEARCH_PATHS = (
					"$(inherited)",
					"@executable_path/Frameworks",
					"@executable_path/../../Frameworks",
				);
				MARKETING_VERSION = 1.0;
				PRODUCT_BUNDLE_IDENTIFIER = space.joscomputing.FauxActivity.watchkitapp.watchkitextension;
				PRODUCT_NAME = "${TARGET_NAME}";
				SDKROOT = watchos;
				SKIP_INSTALL = YES;
				SWIFT_EMIT_LOC_STRINGS = YES;
				SWIFT_VERSION = 5.0;
				TARGETED_DEVICE_FAMILY = 4;
				WATCHOS_DEPLOYMENT_TARGET = 8.5;
			};
			name = Release;
		};
		420750462807CD3A0000635C /* Debug */ = {
			isa = XCBuildConfiguration;
			buildSettings = {
				ALWAYS_EMBED_SWIFT_STANDARD_LIBRARIES = YES;
				ASSETCATALOG_COMPILER_APPICON_NAME = AppIcon;
				ASSETCATALOG_COMPILER_GLOBAL_ACCENT_COLOR_NAME = AccentColor;
				CODE_SIGN_STYLE = Automatic;
				CURRENT_PROJECT_VERSION = 1;
				DEVELOPMENT_TEAM = NP873NYDVX;
				GENERATE_INFOPLIST_FILE = YES;
				IBSC_MODULE = FauxActivity_WatchKit_Extension;
				INFOPLIST_KEY_CFBundleDisplayName = "FauxActivity WatchKit App";
				INFOPLIST_KEY_UISupportedInterfaceOrientations = "UIInterfaceOrientationPortrait UIInterfaceOrientationPortraitUpsideDown";
				MARKETING_VERSION = 1.0;
				PRODUCT_BUNDLE_IDENTIFIER = space.joscomputing.FauxActivity.watchkitapp;
				PRODUCT_NAME = "$(TARGET_NAME)";
				SDKROOT = watchos;
				SKIP_INSTALL = YES;
				SWIFT_EMIT_LOC_STRINGS = YES;
				SWIFT_VERSION = 5.0;
				TARGETED_DEVICE_FAMILY = 4;
				WATCHOS_DEPLOYMENT_TARGET = 8.5;
			};
			name = Debug;
		};
		420750472807CD3A0000635C /* Release */ = {
			isa = XCBuildConfiguration;
			buildSettings = {
				ALWAYS_EMBED_SWIFT_STANDARD_LIBRARIES = YES;
				ASSETCATALOG_COMPILER_APPICON_NAME = AppIcon;
				ASSETCATALOG_COMPILER_GLOBAL_ACCENT_COLOR_NAME = AccentColor;
				CODE_SIGN_STYLE = Automatic;
				CURRENT_PROJECT_VERSION = 1;
				DEVELOPMENT_TEAM = NP873NYDVX;
				GENERATE_INFOPLIST_FILE = YES;
				IBSC_MODULE = FauxActivity_WatchKit_Extension;
				INFOPLIST_KEY_CFBundleDisplayName = "FauxActivity WatchKit App";
				INFOPLIST_KEY_UISupportedInterfaceOrientations = "UIInterfaceOrientationPortrait UIInterfaceOrientationPortraitUpsideDown";
				MARKETING_VERSION = 1.0;
				PRODUCT_BUNDLE_IDENTIFIER = space.joscomputing.FauxActivity.watchkitapp;
				PRODUCT_NAME = "$(TARGET_NAME)";
				SDKROOT = watchos;
				SKIP_INSTALL = YES;
				SWIFT_EMIT_LOC_STRINGS = YES;
				SWIFT_VERSION = 5.0;
				TARGETED_DEVICE_FAMILY = 4;
				WATCHOS_DEPLOYMENT_TARGET = 8.5;
			};
			name = Release;
		};
		4207504A2807CD3A0000635C /* Debug */ = {
			isa = XCBuildConfiguration;
			buildSettings = {
				CODE_SIGN_STYLE = Automatic;
				CURRENT_PROJECT_VERSION = 1;
				DEVELOPMENT_TEAM = NP873NYDVX;
				MARKETING_VERSION = 1.0;
				PRODUCT_BUNDLE_IDENTIFIER = space.joscomputing.FauxActivity;
				PRODUCT_NAME = "$(TARGET_NAME)";
				SWIFT_VERSION = 5.0;
			};
			name = Debug;
		};
		4207504B2807CD3A0000635C /* Release */ = {
			isa = XCBuildConfiguration;
			buildSettings = {
				CODE_SIGN_STYLE = Automatic;
				CURRENT_PROJECT_VERSION = 1;
				DEVELOPMENT_TEAM = NP873NYDVX;
				MARKETING_VERSION = 1.0;
				PRODUCT_BUNDLE_IDENTIFIER = space.joscomputing.FauxActivity;
				PRODUCT_NAME = "$(TARGET_NAME)";
				SWIFT_VERSION = 5.0;
			};
			name = Release;
		};
/* End XCBuildConfiguration section */

/* Begin XCConfigurationList section */
		4207501C2807CD380000635C /* Build configuration list for PBXProject "FauxActivity" */ = {
			isa = XCConfigurationList;
			buildConfigurations = (
				4207503F2807CD3A0000635C /* Debug */,
				420750402807CD3A0000635C /* Release */,
			);
			defaultConfigurationIsVisible = 0;
			defaultConfigurationName = Release;
		};
		420750412807CD3A0000635C /* Build configuration list for PBXNativeTarget "FauxActivity WatchKit Extension" */ = {
			isa = XCConfigurationList;
			buildConfigurations = (
				420750422807CD3A0000635C /* Debug */,
				420750432807CD3A0000635C /* Release */,
			);
			defaultConfigurationIsVisible = 0;
			defaultConfigurationName = Release;
		};
		420750452807CD3A0000635C /* Build configuration list for PBXNativeTarget "FauxActivity WatchKit App" */ = {
			isa = XCConfigurationList;
			buildConfigurations = (
				420750462807CD3A0000635C /* Debug */,
				420750472807CD3A0000635C /* Release */,
			);
			defaultConfigurationIsVisible = 0;
			defaultConfigurationName = Release;
		};
		420750492807CD3A0000635C /* Build configuration list for PBXNativeTarget "FauxActivity" */ = {
			isa = XCConfigurationList;
			buildConfigurations = (
				4207504A2807CD3A0000635C /* Debug */,
				4207504B2807CD3A0000635C /* Release */,
			);
			defaultConfigurationIsVisible = 0;
			defaultConfigurationName = Release;
		};
/* End XCConfigurationList section */

/* Begin XCRemoteSwiftPackageReference section */
		4207504C2807CDCD0000635C /* XCRemoteSwiftPackageReference "Dynamic" */ = {
			isa = XCRemoteSwiftPackageReference;
			repositoryURL = "https://github.com/mhdhejazi/Dynamic";
			requirement = {
				branch = master;
				kind = branch;
			};
		};
/* End XCRemoteSwiftPackageReference section */

/* Begin XCSwiftPackageProductDependency section */
		4207504D2807CDCD0000635C /* Dynamic */ = {
			isa = XCSwiftPackageProductDependency;
			package = 4207504C2807CDCD0000635C /* XCRemoteSwiftPackageReference "Dynamic" */;
			productName = Dynamic;
		};
		4207504F2807CDDA0000635C /* Dynamic */ = {
			isa = XCSwiftPackageProductDependency;
			package = 4207504C2807CDCD0000635C /* XCRemoteSwiftPackageReference "Dynamic" */;
			productName = Dynamic;
		};
/* End XCSwiftPackageProductDependency section */
	};
	rootObject = 420750192807CD380000635C /* Project object */;
}
