// !$*UTF8*$!
{
	archiveVersion = 1;
	classes = {
	};
	objectVersion = 55;
	objects = {

/* Begin PBXBuildFile section */
		42746C49280BEAE100E82BAF /* FauxActivityApp.swift in Sources */ = {isa = PBXBuildFile; fileRef = 42B50564280BE8420049A5DB /* FauxActivityApp.swift */; };
		42746C4A280BEAE300E82BAF /* ContentView.swift in Sources */ = {isa = PBXBuildFile; fileRef = 42B50562280BE8420049A5DB /* ContentView.swift */; };
		42746C4B280BEAF500E82BAF /* BadgeProvider.swift in Sources */ = {isa = PBXBuildFile; fileRef = 42B50561280BE8420049A5DB /* BadgeProvider.swift */; };
		42746C4C280BEAF500E82BAF /* BadgeView.swift in Sources */ = {isa = PBXBuildFile; fileRef = 42B50560280BE8420049A5DB /* BadgeView.swift */; };
		42B5052B280BE6C70049A5DB /* Assets.xcassets in Resources */ = {isa = PBXBuildFile; fileRef = 42B5052A280BE6C70049A5DB /* Assets.xcassets */; };
		42B5052E280BE6C70049A5DB /* Preview Assets.xcassets in Resources */ = {isa = PBXBuildFile; fileRef = 42B5052D280BE6C70049A5DB /* Preview Assets.xcassets */; };
		42B50532280BE6C70049A5DB /* FauxActivity WatchKit App.app in Embed Watch Content */ = {isa = PBXBuildFile; fileRef = 42B50531280BE6C70049A5DB /* FauxActivity WatchKit App.app */; settings = {ATTRIBUTES = (RemoveHeadersOnCopy, ); }; };
		42B50537280BE6C80049A5DB /* Assets.xcassets in Resources */ = {isa = PBXBuildFile; fileRef = 42B50536280BE6C80049A5DB /* Assets.xcassets */; };
		42B5053D280BE6C80049A5DB /* FauxActivity WatchKit Extension.appex in Embed App Extensions */ = {isa = PBXBuildFile; fileRef = 42B5053C280BE6C80049A5DB /* FauxActivity WatchKit Extension.appex */; settings = {ATTRIBUTES = (RemoveHeadersOnCopy, ); }; };
		42B50548280BE6C90049A5DB /* Assets.xcassets in Resources */ = {isa = PBXBuildFile; fileRef = 42B50547280BE6C90049A5DB /* Assets.xcassets */; };
		42B5054B280BE6C90049A5DB /* Preview Assets.xcassets in Resources */ = {isa = PBXBuildFile; fileRef = 42B5054A280BE6C90049A5DB /* Preview Assets.xcassets */; };
		42B5055C280BE7340049A5DB /* Dynamic in Frameworks */ = {isa = PBXBuildFile; productRef = 42B5055B280BE7340049A5DB /* Dynamic */; };
		42B5055F280BE7630049A5DB /* Dynamic in Frameworks */ = {isa = PBXBuildFile; productRef = 42B5055E280BE7630049A5DB /* Dynamic */; };
		42B50565280BE8420049A5DB /* BadgeView.swift in Sources */ = {isa = PBXBuildFile; fileRef = 42B50560280BE8420049A5DB /* BadgeView.swift */; };
		42B50566280BE8420049A5DB /* BadgeProvider.swift in Sources */ = {isa = PBXBuildFile; fileRef = 42B50561280BE8420049A5DB /* BadgeProvider.swift */; };
		42B50567280BE8420049A5DB /* ContentView.swift in Sources */ = {isa = PBXBuildFile; fileRef = 42B50562280BE8420049A5DB /* ContentView.swift */; };
		42B50569280BE8420049A5DB /* FauxActivityApp.swift in Sources */ = {isa = PBXBuildFile; fileRef = 42B50564280BE8420049A5DB /* FauxActivityApp.swift */; };
		42B5056B280BE85C0049A5DB /* ActivityAchievements in Resources */ = {isa = PBXBuildFile; fileRef = 42B5056A280BE85C0049A5DB /* ActivityAchievements */; };
		42B5056C280BE85C0049A5DB /* ActivityAchievements in Resources */ = {isa = PBXBuildFile; fileRef = 42B5056A280BE85C0049A5DB /* ActivityAchievements */; };
/* End PBXBuildFile section */

/* Begin PBXContainerItemProxy section */
		42B50533280BE6C70049A5DB /* PBXContainerItemProxy */ = {
			isa = PBXContainerItemProxy;
			containerPortal = 42B5051B280BE6C60049A5DB /* Project object */;
			proxyType = 1;
			remoteGlobalIDString = 42B50530280BE6C70049A5DB;
			remoteInfo = "FauxActivity WatchKit App";
		};
		42B5053E280BE6C80049A5DB /* PBXContainerItemProxy */ = {
			isa = PBXContainerItemProxy;
			containerPortal = 42B5051B280BE6C60049A5DB /* Project object */;
			proxyType = 1;
			remoteGlobalIDString = 42B5053B280BE6C80049A5DB;
			remoteInfo = "FauxActivity WatchKit Extension";
		};
/* End PBXContainerItemProxy section */

/* Begin PBXCopyFilesBuildPhase section */
		42B50552280BE6C90049A5DB /* Embed App Extensions */ = {
			isa = PBXCopyFilesBuildPhase;
			buildActionMask = 2147483647;
			dstPath = "";
			dstSubfolderSpec = 13;
			files = (
				42B5053D280BE6C80049A5DB /* FauxActivity WatchKit Extension.appex in Embed App Extensions */,
			);
			name = "Embed App Extensions";
			runOnlyForDeploymentPostprocessing = 0;
		};
		42B50556280BE6C90049A5DB /* Embed Watch Content */ = {
			isa = PBXCopyFilesBuildPhase;
			buildActionMask = 2147483647;
			dstPath = "$(CONTENTS_FOLDER_PATH)/Watch";
			dstSubfolderSpec = 16;
			files = (
				42B50532280BE6C70049A5DB /* FauxActivity WatchKit App.app in Embed Watch Content */,
			);
			name = "Embed Watch Content";
			runOnlyForDeploymentPostprocessing = 0;
		};
/* End PBXCopyFilesBuildPhase section */

/* Begin PBXFileReference section */
		42B50523280BE6C60049A5DB /* FauxActivity.app */ = {isa = PBXFileReference; explicitFileType = wrapper.application; includeInIndex = 0; path = FauxActivity.app; sourceTree = BUILT_PRODUCTS_DIR; };
		42B5052A280BE6C70049A5DB /* Assets.xcassets */ = {isa = PBXFileReference; lastKnownFileType = folder.assetcatalog; path = Assets.xcassets; sourceTree = "<group>"; };
		42B5052D280BE6C70049A5DB /* Preview Assets.xcassets */ = {isa = PBXFileReference; lastKnownFileType = folder.assetcatalog; path = "Preview Assets.xcassets"; sourceTree = "<group>"; };
		42B50531280BE6C70049A5DB /* FauxActivity WatchKit App.app */ = {isa = PBXFileReference; explicitFileType = wrapper.application; includeInIndex = 0; path = "FauxActivity WatchKit App.app"; sourceTree = BUILT_PRODUCTS_DIR; };
		42B50536280BE6C80049A5DB /* Assets.xcassets */ = {isa = PBXFileReference; lastKnownFileType = folder.assetcatalog; path = Assets.xcassets; sourceTree = "<group>"; };
		42B5053C280BE6C80049A5DB /* FauxActivity WatchKit Extension.appex */ = {isa = PBXFileReference; explicitFileType = "wrapper.app-extension"; includeInIndex = 0; path = "FauxActivity WatchKit Extension.appex"; sourceTree = BUILT_PRODUCTS_DIR; };
		42B50547280BE6C90049A5DB /* Assets.xcassets */ = {isa = PBXFileReference; lastKnownFileType = folder.assetcatalog; path = Assets.xcassets; sourceTree = "<group>"; };
		42B5054A280BE6C90049A5DB /* Preview Assets.xcassets */ = {isa = PBXFileReference; lastKnownFileType = folder.assetcatalog; path = "Preview Assets.xcassets"; sourceTree = "<group>"; };
		42B5054C280BE6C90049A5DB /* Info.plist */ = {isa = PBXFileReference; lastKnownFileType = text.plist.xml; path = Info.plist; sourceTree = "<group>"; };
		42B50560280BE8420049A5DB /* BadgeView.swift */ = {isa = PBXFileReference; fileEncoding = 4; lastKnownFileType = sourcecode.swift; path = BadgeView.swift; sourceTree = "<group>"; };
		42B50561280BE8420049A5DB /* BadgeProvider.swift */ = {isa = PBXFileReference; fileEncoding = 4; lastKnownFileType = sourcecode.swift; path = BadgeProvider.swift; sourceTree = "<group>"; };
		42B50562280BE8420049A5DB /* ContentView.swift */ = {isa = PBXFileReference; fileEncoding = 4; lastKnownFileType = sourcecode.swift; path = ContentView.swift; sourceTree = "<group>"; };
		42B50564280BE8420049A5DB /* FauxActivityApp.swift */ = {isa = PBXFileReference; fileEncoding = 4; lastKnownFileType = sourcecode.swift; path = FauxActivityApp.swift; sourceTree = "<group>"; };
		42B5056A280BE85C0049A5DB /* ActivityAchievements */ = {isa = PBXFileReference; lastKnownFileType = folder; path = ActivityAchievements; sourceTree = "<group>"; };
/* End PBXFileReference section */

/* Begin PBXFrameworksBuildPhase section */
		42B50520280BE6C60049A5DB /* Frameworks */ = {
			isa = PBXFrameworksBuildPhase;
			buildActionMask = 2147483647;
			files = (
				42B5055C280BE7340049A5DB /* Dynamic in Frameworks */,
			);
			runOnlyForDeploymentPostprocessing = 0;
		};
		42B50539280BE6C80049A5DB /* Frameworks */ = {
			isa = PBXFrameworksBuildPhase;
			buildActionMask = 2147483647;
			files = (
				42B5055F280BE7630049A5DB /* Dynamic in Frameworks */,
			);
			runOnlyForDeploymentPostprocessing = 0;
		};
/* End PBXFrameworksBuildPhase section */

/* Begin PBXGroup section */
		42746C48280BEAC200E82BAF /* Shared */ = {
			isa = PBXGroup;
			children = (
				42B50561280BE8420049A5DB /* BadgeProvider.swift */,
				42B50560280BE8420049A5DB /* BadgeView.swift */,
				42B50562280BE8420049A5DB /* ContentView.swift */,
				42B50564280BE8420049A5DB /* FauxActivityApp.swift */,
			);
			name = Shared;
			sourceTree = "<group>";
		};
		42B5051A280BE6C60049A5DB = {
			isa = PBXGroup;
			children = (
				42746C48280BEAC200E82BAF /* Shared */,
				42B5056A280BE85C0049A5DB /* ActivityAchievements */,
				42B50525280BE6C60049A5DB /* FauxActivity */,
				42B50535280BE6C70049A5DB /* FauxActivity WatchKit App */,
				42B50540280BE6C80049A5DB /* FauxActivity WatchKit Extension */,
				42B50524280BE6C60049A5DB /* Products */,
				42B5055D280BE7630049A5DB /* Frameworks */,
			);
			sourceTree = "<group>";
		};
		42B50524280BE6C60049A5DB /* Products */ = {
			isa = PBXGroup;
			children = (
				42B50523280BE6C60049A5DB /* FauxActivity.app */,
				42B50531280BE6C70049A5DB /* FauxActivity WatchKit App.app */,
				42B5053C280BE6C80049A5DB /* FauxActivity WatchKit Extension.appex */,
			);
			name = Products;
			sourceTree = "<group>";
		};
		42B50525280BE6C60049A5DB /* FauxActivity */ = {
			isa = PBXGroup;
			children = (
				42B5052A280BE6C70049A5DB /* Assets.xcassets */,
				42B5052C280BE6C70049A5DB /* Preview Content */,
			);
			path = FauxActivity;
			sourceTree = "<group>";
		};
		42B5052C280BE6C70049A5DB /* Preview Content */ = {
			isa = PBXGroup;
			children = (
				42B5052D280BE6C70049A5DB /* Preview Assets.xcassets */,
			);
			path = "Preview Content";
			sourceTree = "<group>";
		};
		42B50535280BE6C70049A5DB /* FauxActivity WatchKit App */ = {
			isa = PBXGroup;
			children = (
				42B50536280BE6C80049A5DB /* Assets.xcassets */,
			);
			path = "FauxActivity WatchKit App";
			sourceTree = "<group>";
		};
		42B50540280BE6C80049A5DB /* FauxActivity WatchKit Extension */ = {
			isa = PBXGroup;
			children = (
				42B50547280BE6C90049A5DB /* Assets.xcassets */,
				42B5054C280BE6C90049A5DB /* Info.plist */,
				42B50549280BE6C90049A5DB /* Preview Content */,
			);
			path = "FauxActivity WatchKit Extension";
			sourceTree = "<group>";
		};
		42B50549280BE6C90049A5DB /* Preview Content */ = {
			isa = PBXGroup;
			children = (
				42B5054A280BE6C90049A5DB /* Preview Assets.xcassets */,
			);
			path = "Preview Content";
			sourceTree = "<group>";
		};
		42B5055D280BE7630049A5DB /* Frameworks */ = {
			isa = PBXGroup;
			children = (
			);
			name = Frameworks;
			sourceTree = "<group>";
		};
/* End PBXGroup section */

/* Begin PBXNativeTarget section */
		42B50522280BE6C60049A5DB /* FauxActivity */ = {
			isa = PBXNativeTarget;
			buildConfigurationList = 42B50557280BE6C90049A5DB /* Build configuration list for PBXNativeTarget "FauxActivity" */;
			buildPhases = (
				42B5051F280BE6C60049A5DB /* Sources */,
				42B50520280BE6C60049A5DB /* Frameworks */,
				42B50521280BE6C60049A5DB /* Resources */,
				42B50556280BE6C90049A5DB /* Embed Watch Content */,
			);
			buildRules = (
			);
			dependencies = (
				42B50534280BE6C70049A5DB /* PBXTargetDependency */,
			);
			name = FauxActivity;
			packageProductDependencies = (
				42B5055B280BE7340049A5DB /* Dynamic */,
			);
			productName = FauxActivity;
			productReference = 42B50523280BE6C60049A5DB /* FauxActivity.app */;
			productType = "com.apple.product-type.application";
		};
		42B50530280BE6C70049A5DB /* FauxActivity WatchKit App */ = {
			isa = PBXNativeTarget;
			buildConfigurationList = 42B50553280BE6C90049A5DB /* Build configuration list for PBXNativeTarget "FauxActivity WatchKit App" */;
			buildPhases = (
				42B5052F280BE6C70049A5DB /* Resources */,
				42B50552280BE6C90049A5DB /* Embed App Extensions */,
			);
			buildRules = (
			);
			dependencies = (
				42B5053F280BE6C80049A5DB /* PBXTargetDependency */,
			);
			name = "FauxActivity WatchKit App";
			productName = "FauxActivity WatchKit App";
			productReference = 42B50531280BE6C70049A5DB /* FauxActivity WatchKit App.app */;
			productType = "com.apple.product-type.application.watchapp2";
		};
		42B5053B280BE6C80049A5DB /* FauxActivity WatchKit Extension */ = {
			isa = PBXNativeTarget;
			buildConfigurationList = 42B5054F280BE6C90049A5DB /* Build configuration list for PBXNativeTarget "FauxActivity WatchKit Extension" */;
			buildPhases = (
				42B50538280BE6C80049A5DB /* Sources */,
				42B50539280BE6C80049A5DB /* Frameworks */,
				42B5053A280BE6C80049A5DB /* Resources */,
			);
			buildRules = (
			);
			dependencies = (
			);
			name = "FauxActivity WatchKit Extension";
			packageProductDependencies = (
				42B5055E280BE7630049A5DB /* Dynamic */,
			);
			productName = "FauxActivity WatchKit Extension";
			productReference = 42B5053C280BE6C80049A5DB /* FauxActivity WatchKit Extension.appex */;
			productType = "com.apple.product-type.watchkit2-extension";
		};
/* End PBXNativeTarget section */

/* Begin PBXProject section */
		42B5051B280BE6C60049A5DB /* Project object */ = {
			isa = PBXProject;
			attributes = {
				BuildIndependentTargetsInParallel = 1;
				LastSwiftUpdateCheck = 1330;
				LastUpgradeCheck = 1330;
				TargetAttributes = {
					42B50522280BE6C60049A5DB = {
						CreatedOnToolsVersion = 13.3.1;
					};
					42B50530280BE6C70049A5DB = {
						CreatedOnToolsVersion = 13.3.1;
					};
					42B5053B280BE6C80049A5DB = {
						CreatedOnToolsVersion = 13.3.1;
						LastSwiftMigration = 1330;
					};
				};
			};
			buildConfigurationList = 42B5051E280BE6C60049A5DB /* Build configuration list for PBXProject "FauxActivity" */;
			compatibilityVersion = "Xcode 13.0";
			developmentRegion = en;
			hasScannedForEncodings = 0;
			knownRegions = (
				en,
				Base,
			);
			mainGroup = 42B5051A280BE6C60049A5DB;
			packageReferences = (
				42B5055A280BE7340049A5DB /* XCRemoteSwiftPackageReference "Dynamic" */,
			);
			productRefGroup = 42B50524280BE6C60049A5DB /* Products */;
			projectDirPath = "";
			projectRoot = "";
			targets = (
				42B50522280BE6C60049A5DB /* FauxActivity */,
				42B50530280BE6C70049A5DB /* FauxActivity WatchKit App */,
				42B5053B280BE6C80049A5DB /* FauxActivity WatchKit Extension */,
			);
		};
/* End PBXProject section */

/* Begin PBXResourcesBuildPhase section */
		42B50521280BE6C60049A5DB /* Resources */ = {
			isa = PBXResourcesBuildPhase;
			buildActionMask = 2147483647;
			files = (
				42B5052E280BE6C70049A5DB /* Preview Assets.xcassets in Resources */,
				42B5052B280BE6C70049A5DB /* Assets.xcassets in Resources */,
				42B5056B280BE85C0049A5DB /* ActivityAchievements in Resources */,
			);
			runOnlyForDeploymentPostprocessing = 0;
		};
		42B5052F280BE6C70049A5DB /* Resources */ = {
			isa = PBXResourcesBuildPhase;
			buildActionMask = 2147483647;
			files = (
				42B50537280BE6C80049A5DB /* Assets.xcassets in Resources */,
			);
			runOnlyForDeploymentPostprocessing = 0;
		};
		42B5053A280BE6C80049A5DB /* Resources */ = {
			isa = PBXResourcesBuildPhase;
			buildActionMask = 2147483647;
			files = (
				42B5054B280BE6C90049A5DB /* Preview Assets.xcassets in Resources */,
				42B50548280BE6C90049A5DB /* Assets.xcassets in Resources */,
				42B5056C280BE85C0049A5DB /* ActivityAchievements in Resources */,
			);
			runOnlyForDeploymentPostprocessing = 0;
		};
/* End PBXResourcesBuildPhase section */

/* Begin PBXSourcesBuildPhase section */
		42B5051F280BE6C60049A5DB /* Sources */ = {
			isa = PBXSourcesBuildPhase;
			buildActionMask = 2147483647;
			files = (
				42746C4C280BEAF500E82BAF /* BadgeView.swift in Sources */,
				42746C4B280BEAF500E82BAF /* BadgeProvider.swift in Sources */,
				42746C49280BEAE100E82BAF /* FauxActivityApp.swift in Sources */,
				42746C4A280BEAE300E82BAF /* ContentView.swift in Sources */,
			);
			runOnlyForDeploymentPostprocessing = 0;
		};
		42B50538280BE6C80049A5DB /* Sources */ = {
			isa = PBXSourcesBuildPhase;
			buildActionMask = 2147483647;
			files = (
				42B50569280BE8420049A5DB /* FauxActivityApp.swift in Sources */,
				42B50566280BE8420049A5DB /* BadgeProvider.swift in Sources */,
				42B50565280BE8420049A5DB /* BadgeView.swift in Sources */,
				42B50567280BE8420049A5DB /* ContentView.swift in Sources */,
			);
			runOnlyForDeploymentPostprocessing = 0;
		};
/* End PBXSourcesBuildPhase section */

/* Begin PBXTargetDependency section */
		42B50534280BE6C70049A5DB /* PBXTargetDependency */ = {
			isa = PBXTargetDependency;
			target = 42B50530280BE6C70049A5DB /* FauxActivity WatchKit App */;
			targetProxy = 42B50533280BE6C70049A5DB /* PBXContainerItemProxy */;
		};
		42B5053F280BE6C80049A5DB /* PBXTargetDependency */ = {
			isa = PBXTargetDependency;
			target = 42B5053B280BE6C80049A5DB /* FauxActivity WatchKit Extension */;
			targetProxy = 42B5053E280BE6C80049A5DB /* PBXContainerItemProxy */;
		};
/* End PBXTargetDependency section */

/* Begin XCBuildConfiguration section */
		42B5054D280BE6C90049A5DB /* Debug */ = {
			isa = XCBuildConfiguration;
			buildSettings = {
				ALWAYS_SEARCH_USER_PATHS = NO;
				CLANG_ANALYZER_NONNULL = YES;
				CLANG_ANALYZER_NUMBER_OBJECT_CONVERSION = YES_AGGRESSIVE;
				CLANG_CXX_LANGUAGE_STANDARD = "gnu++17";
				CLANG_ENABLE_MODULES = YES;
				CLANG_ENABLE_OBJC_ARC = YES;
				CLANG_ENABLE_OBJC_WEAK = YES;
				CLANG_WARN_BLOCK_CAPTURE_AUTORELEASING = YES;
				CLANG_WARN_BOOL_CONVERSION = YES;
				CLANG_WARN_COMMA = YES;
				CLANG_WARN_CONSTANT_CONVERSION = YES;
				CLANG_WARN_DEPRECATED_OBJC_IMPLEMENTATIONS = YES;
				CLANG_WARN_DIRECT_OBJC_ISA_USAGE = YES_ERROR;
				CLANG_WARN_DOCUMENTATION_COMMENTS = YES;
				CLANG_WARN_EMPTY_BODY = YES;
				CLANG_WARN_ENUM_CONVERSION = YES;
				CLANG_WARN_INFINITE_RECURSION = YES;
				CLANG_WARN_INT_CONVERSION = YES;
				CLANG_WARN_NON_LITERAL_NULL_CONVERSION = YES;
				CLANG_WARN_OBJC_IMPLICIT_RETAIN_SELF = YES;
				CLANG_WARN_OBJC_LITERAL_CONVERSION = YES;
				CLANG_WARN_OBJC_ROOT_CLASS = YES_ERROR;
				CLANG_WARN_QUOTED_INCLUDE_IN_FRAMEWORK_HEADER = YES;
				CLANG_WARN_RANGE_LOOP_ANALYSIS = YES;
				CLANG_WARN_STRICT_PROTOTYPES = YES;
				CLANG_WARN_SUSPICIOUS_MOVE = YES;
				CLANG_WARN_UNGUARDED_AVAILABILITY = YES_AGGRESSIVE;
				CLANG_WARN_UNREACHABLE_CODE = YES;
				CLANG_WARN__DUPLICATE_METHOD_MATCH = YES;
				COPY_PHASE_STRIP = NO;
				DEBUG_INFORMATION_FORMAT = dwarf;
				ENABLE_STRICT_OBJC_MSGSEND = YES;
				ENABLE_TESTABILITY = YES;
				GCC_C_LANGUAGE_STANDARD = gnu11;
				GCC_DYNAMIC_NO_PIC = NO;
				GCC_NO_COMMON_BLOCKS = YES;
				GCC_OPTIMIZATION_LEVEL = 0;
				GCC_PREPROCESSOR_DEFINITIONS = (
					"DEBUG=1",
					"$(inherited)",
				);
				GCC_WARN_64_TO_32_BIT_CONVERSION = YES;
				GCC_WARN_ABOUT_RETURN_TYPE = YES_ERROR;
				GCC_WARN_UNDECLARED_SELECTOR = YES;
				GCC_WARN_UNINITIALIZED_AUTOS = YES_AGGRESSIVE;
				GCC_WARN_UNUSED_FUNCTION = YES;
				GCC_WARN_UNUSED_VARIABLE = YES;
				MTL_ENABLE_DEBUG_INFO = INCLUDE_SOURCE;
				MTL_FAST_MATH = YES;
				ONLY_ACTIVE_ARCH = YES;
				SWIFT_ACTIVE_COMPILATION_CONDITIONS = DEBUG;
				SWIFT_OPTIMIZATION_LEVEL = "-Onone";
			};
			name = Debug;
		};
		42B5054E280BE6C90049A5DB /* Release */ = {
			isa = XCBuildConfiguration;
			buildSettings = {
				ALWAYS_SEARCH_USER_PATHS = NO;
				CLANG_ANALYZER_NONNULL = YES;
				CLANG_ANALYZER_NUMBER_OBJECT_CONVERSION = YES_AGGRESSIVE;
				CLANG_CXX_LANGUAGE_STANDARD = "gnu++17";
				CLANG_ENABLE_MODULES = YES;
				CLANG_ENABLE_OBJC_ARC = YES;
				CLANG_ENABLE_OBJC_WEAK = YES;
				CLANG_WARN_BLOCK_CAPTURE_AUTORELEASING = YES;
				CLANG_WARN_BOOL_CONVERSION = YES;
				CLANG_WARN_COMMA = YES;
				CLANG_WARN_CONSTANT_CONVERSION = YES;
				CLANG_WARN_DEPRECATED_OBJC_IMPLEMENTATIONS = YES;
				CLANG_WARN_DIRECT_OBJC_ISA_USAGE = YES_ERROR;
				CLANG_WARN_DOCUMENTATION_COMMENTS = YES;
				CLANG_WARN_EMPTY_BODY = YES;
				CLANG_WARN_ENUM_CONVERSION = YES;
				CLANG_WARN_INFINITE_RECURSION = YES;
				CLANG_WARN_INT_CONVERSION = YES;
				CLANG_WARN_NON_LITERAL_NULL_CONVERSION = YES;
				CLANG_WARN_OBJC_IMPLICIT_RETAIN_SELF = YES;
				CLANG_WARN_OBJC_LITERAL_CONVERSION = YES;
				CLANG_WARN_OBJC_ROOT_CLASS = YES_ERROR;
				CLANG_WARN_QUOTED_INCLUDE_IN_FRAMEWORK_HEADER = YES;
				CLANG_WARN_RANGE_LOOP_ANALYSIS = YES;
				CLANG_WARN_STRICT_PROTOTYPES = YES;
				CLANG_WARN_SUSPICIOUS_MOVE = YES;
				CLANG_WARN_UNGUARDED_AVAILABILITY = YES_AGGRESSIVE;
				CLANG_WARN_UNREACHABLE_CODE = YES;
				CLANG_WARN__DUPLICATE_METHOD_MATCH = YES;
				COPY_PHASE_STRIP = NO;
				DEBUG_INFORMATION_FORMAT = "dwarf-with-dsym";
				ENABLE_NS_ASSERTIONS = NO;
				ENABLE_STRICT_OBJC_MSGSEND = YES;
				GCC_C_LANGUAGE_STANDARD = gnu11;
				GCC_NO_COMMON_BLOCKS = YES;
				GCC_WARN_64_TO_32_BIT_CONVERSION = YES;
				GCC_WARN_ABOUT_RETURN_TYPE = YES_ERROR;
				GCC_WARN_UNDECLARED_SELECTOR = YES;
				GCC_WARN_UNINITIALIZED_AUTOS = YES_AGGRESSIVE;
				GCC_WARN_UNUSED_FUNCTION = YES;
				GCC_WARN_UNUSED_VARIABLE = YES;
				MTL_ENABLE_DEBUG_INFO = NO;
				MTL_FAST_MATH = YES;
				SWIFT_COMPILATION_MODE = wholemodule;
				SWIFT_OPTIMIZATION_LEVEL = "-O";
			};
			name = Release;
		};
		42B50550280BE6C90049A5DB /* Debug */ = {
			isa = XCBuildConfiguration;
			buildSettings = {
				CLANG_ENABLE_MODULES = YES;
				CODE_SIGN_STYLE = Automatic;
				CURRENT_PROJECT_VERSION = 1;
				DEVELOPMENT_ASSET_PATHS = "FauxActivity\\ WatchKit\\ Extension/Preview\\ Content ActivityAchievements";
				DEVELOPMENT_TEAM = NP873NYDVX;
				ENABLE_PREVIEWS = YES;
				GENERATE_INFOPLIST_FILE = YES;
				INFOPLIST_FILE = "FauxActivity WatchKit Extension/Info.plist";
				INFOPLIST_KEY_CFBundleDisplayName = "FauxActivity WatchKit Extension";
				INFOPLIST_KEY_NSHumanReadableCopyright = "";
				INFOPLIST_KEY_WKRunsIndependentlyOfCompanionApp = YES;
				LD_RUNPATH_SEARCH_PATHS = (
					"$(inherited)",
					"@executable_path/Frameworks",
					"@executable_path/../../Frameworks",
				);
				MARKETING_VERSION = 1.0;
				PRODUCT_BUNDLE_IDENTIFIER = space.joscomputing.FauxActivity.watchkitapp.watchkitextension;
				PRODUCT_NAME = "${TARGET_NAME}";
				SDKROOT = watchos;
				SKIP_INSTALL = YES;
				SWIFT_EMIT_LOC_STRINGS = YES;
				SWIFT_OPTIMIZATION_LEVEL = "-Onone";
				SWIFT_VERSION = 5.0;
				TARGETED_DEVICE_FAMILY = 4;
				WATCHOS_DEPLOYMENT_TARGET = 8.5;
			};
			name = Debug;
		};
		42B50551280BE6C90049A5DB /* Release */ = {
			isa = XCBuildConfiguration;
			buildSettings = {
				CLANG_ENABLE_MODULES = YES;
				CODE_SIGN_STYLE = Automatic;
				CURRENT_PROJECT_VERSION = 1;
				DEVELOPMENT_ASSET_PATHS = "FauxActivity\\ WatchKit\\ Extension/Preview\\ Content ActivityAchievements";
				DEVELOPMENT_TEAM = NP873NYDVX;
				ENABLE_PREVIEWS = YES;
				GENERATE_INFOPLIST_FILE = YES;
				INFOPLIST_FILE = "FauxActivity WatchKit Extension/Info.plist";
				INFOPLIST_KEY_CFBundleDisplayName = "FauxActivity WatchKit Extension";
				INFOPLIST_KEY_NSHumanReadableCopyright = "";
				INFOPLIST_KEY_WKRunsIndependentlyOfCompanionApp = YES;
				LD_RUNPATH_SEARCH_PATHS = (
					"$(inherited)",
					"@executable_path/Frameworks",
					"@executable_path/../../Frameworks",
				);
				MARKETING_VERSION = 1.0;
				PRODUCT_BUNDLE_IDENTIFIER = space.joscomputing.FauxActivity.watchkitapp.watchkitextension;
				PRODUCT_NAME = "${TARGET_NAME}";
				SDKROOT = watchos;
				SKIP_INSTALL = YES;
				SWIFT_EMIT_LOC_STRINGS = YES;
				SWIFT_VERSION = 5.0;
				TARGETED_DEVICE_FAMILY = 4;
				VALIDATE_PRODUCT = YES;
				WATCHOS_DEPLOYMENT_TARGET = 8.5;
			};
			name = Release;
		};
		42B50554280BE6C90049A5DB /* Debug */ = {
			isa = XCBuildConfiguration;
			buildSettings = {
				ALWAYS_EMBED_SWIFT_STANDARD_LIBRARIES = YES;
				ASSETCATALOG_COMPILER_APPICON_NAME = AppIcon;
				ASSETCATALOG_COMPILER_GLOBAL_ACCENT_COLOR_NAME = AccentColor;
				CODE_SIGN_STYLE = Automatic;
				CURRENT_PROJECT_VERSION = 1;
				DEVELOPMENT_TEAM = NP873NYDVX;
				GENERATE_INFOPLIST_FILE = YES;
				IBSC_MODULE = FauxActivity_WatchKit_Extension;
				INFOPLIST_KEY_CFBundleDisplayName = "FauxActivity WatchKit App";
				INFOPLIST_KEY_UISupportedInterfaceOrientations = "UIInterfaceOrientationPortrait UIInterfaceOrientationPortraitUpsideDown";
				INFOPLIST_KEY_WKCompanionAppBundleIdentifier = space.joscomputing.FauxActivity;
				MARKETING_VERSION = 1.0;
				PRODUCT_BUNDLE_IDENTIFIER = space.joscomputing.FauxActivity.watchkitapp;
				PRODUCT_NAME = "$(TARGET_NAME)";
				SDKROOT = watchos;
				SKIP_INSTALL = YES;
				SWIFT_EMIT_LOC_STRINGS = YES;
				SWIFT_VERSION = 5.0;
				TARGETED_DEVICE_FAMILY = 4;
				WATCHOS_DEPLOYMENT_TARGET = 8.5;
			};
			name = Debug;
		};
		42B50555280BE6C90049A5DB /* Release */ = {
			isa = XCBuildConfiguration;
			buildSettings = {
				ALWAYS_EMBED_SWIFT_STANDARD_LIBRARIES = YES;
				ASSETCATALOG_COMPILER_APPICON_NAME = AppIcon;
				ASSETCATALOG_COMPILER_GLOBAL_ACCENT_COLOR_NAME = AccentColor;
				CODE_SIGN_STYLE = Automatic;
				CURRENT_PROJECT_VERSION = 1;
				DEVELOPMENT_TEAM = NP873NYDVX;
				GENERATE_INFOPLIST_FILE = YES;
				IBSC_MODULE = FauxActivity_WatchKit_Extension;
				INFOPLIST_KEY_CFBundleDisplayName = "FauxActivity WatchKit App";
				INFOPLIST_KEY_UISupportedInterfaceOrientations = "UIInterfaceOrientationPortrait UIInterfaceOrientationPortraitUpsideDown";
				INFOPLIST_KEY_WKCompanionAppBundleIdentifier = space.joscomputing.FauxActivity;
				MARKETING_VERSION = 1.0;
				PRODUCT_BUNDLE_IDENTIFIER = space.joscomputing.FauxActivity.watchkitapp;
				PRODUCT_NAME = "$(TARGET_NAME)";
				SDKROOT = watchos;
				SKIP_INSTALL = YES;
				SWIFT_EMIT_LOC_STRINGS = YES;
				SWIFT_VERSION = 5.0;
				TARGETED_DEVICE_FAMILY = 4;
				VALIDATE_PRODUCT = YES;
				WATCHOS_DEPLOYMENT_TARGET = 8.5;
			};
			name = Release;
		};
		42B50558280BE6C90049A5DB /* Debug */ = {
			isa = XCBuildConfiguration;
			buildSettings = {
				ASSETCATALOG_COMPILER_APPICON_NAME = AppIcon;
				ASSETCATALOG_COMPILER_GLOBAL_ACCENT_COLOR_NAME = AccentColor;
				CODE_SIGN_STYLE = Automatic;
				CURRENT_PROJECT_VERSION = 1;
				DEVELOPMENT_ASSET_PATHS = "FauxActivity/Preview\\ Content ActivityAchievements";
				DEVELOPMENT_TEAM = NP873NYDVX;
				ENABLE_PREVIEWS = YES;
				GENERATE_INFOPLIST_FILE = YES;
				INFOPLIST_KEY_UIApplicationSceneManifest_Generation = YES;
				INFOPLIST_KEY_UIApplicationSupportsIndirectInputEvents = YES;
				INFOPLIST_KEY_UILaunchScreen_Generation = YES;
				INFOPLIST_KEY_UISupportedInterfaceOrientations_iPad = "UIInterfaceOrientationPortrait UIInterfaceOrientationPortraitUpsideDown UIInterfaceOrientationLandscapeLeft UIInterfaceOrientationLandscapeRight";
				INFOPLIST_KEY_UISupportedInterfaceOrientations_iPhone = "UIInterfaceOrientationPortrait UIInterfaceOrientationLandscapeLeft UIInterfaceOrientationLandscapeRight";
				IPHONEOS_DEPLOYMENT_TARGET = 15.4;
				LD_RUNPATH_SEARCH_PATHS = (
					"$(inherited)",
					"@executable_path/Frameworks",
				);
				MARKETING_VERSION = 1.0;
				PRODUCT_BUNDLE_IDENTIFIER = space.joscomputing.FauxActivity;
				PRODUCT_NAME = "$(TARGET_NAME)";
				SDKROOT = iphoneos;
				SWIFT_EMIT_LOC_STRINGS = YES;
				SWIFT_VERSION = 5.0;
				TARGETED_DEVICE_FAMILY = "1,2";
			};
			name = Debug;
		};
		42B50559280BE6C90049A5DB /* Release */ = {
			isa = XCBuildConfiguration;
			buildSettings = {
				ASSETCATALOG_COMPILER_APPICON_NAME = AppIcon;
				ASSETCATALOG_COMPILER_GLOBAL_ACCENT_COLOR_NAME = AccentColor;
				CODE_SIGN_STYLE = Automatic;
				CURRENT_PROJECT_VERSION = 1;
				DEVELOPMENT_ASSET_PATHS = "FauxActivity/Preview\\ Content ActivityAchievements";
				DEVELOPMENT_TEAM = NP873NYDVX;
				ENABLE_PREVIEWS = YES;
				GENERATE_INFOPLIST_FILE = YES;
				INFOPLIST_KEY_UIApplicationSceneManifest_Generation = YES;
				INFOPLIST_KEY_UIApplicationSupportsIndirectInputEvents = YES;
				INFOPLIST_KEY_UILaunchScreen_Generation = YES;
				INFOPLIST_KEY_UISupportedInterfaceOrientations_iPad = "UIInterfaceOrientationPortrait UIInterfaceOrientationPortraitUpsideDown UIInterfaceOrientationLandscapeLeft UIInterfaceOrientationLandscapeRight";
				INFOPLIST_KEY_UISupportedInterfaceOrientations_iPhone = "UIInterfaceOrientationPortrait UIInterfaceOrientationLandscapeLeft UIInterfaceOrientationLandscapeRight";
				IPHONEOS_DEPLOYMENT_TARGET = 15.4;
				LD_RUNPATH_SEARCH_PATHS = (
					"$(inherited)",
					"@executable_path/Frameworks",
				);
				MARKETING_VERSION = 1.0;
				PRODUCT_BUNDLE_IDENTIFIER = space.joscomputing.FauxActivity;
				PRODUCT_NAME = "$(TARGET_NAME)";
				SDKROOT = iphoneos;
				SWIFT_EMIT_LOC_STRINGS = YES;
				SWIFT_VERSION = 5.0;
				TARGETED_DEVICE_FAMILY = "1,2";
				VALIDATE_PRODUCT = YES;
			};
			name = Release;
		};
/* End XCBuildConfiguration section */

/* Begin XCConfigurationList section */
		42B5051E280BE6C60049A5DB /* Build configuration list for PBXProject "FauxActivity" */ = {
			isa = XCConfigurationList;
			buildConfigurations = (
				42B5054D280BE6C90049A5DB /* Debug */,
				42B5054E280BE6C90049A5DB /* Release */,
			);
			defaultConfigurationIsVisible = 0;
			defaultConfigurationName = Release;
		};
		42B5054F280BE6C90049A5DB /* Build configuration list for PBXNativeTarget "FauxActivity WatchKit Extension" */ = {
			isa = XCConfigurationList;
			buildConfigurations = (
				42B50550280BE6C90049A5DB /* Debug */,
				42B50551280BE6C90049A5DB /* Release */,
			);
			defaultConfigurationIsVisible = 0;
			defaultConfigurationName = Release;
		};
		42B50553280BE6C90049A5DB /* Build configuration list for PBXNativeTarget "FauxActivity WatchKit App" */ = {
			isa = XCConfigurationList;
			buildConfigurations = (
				42B50554280BE6C90049A5DB /* Debug */,
				42B50555280BE6C90049A5DB /* Release */,
			);
			defaultConfigurationIsVisible = 0;
			defaultConfigurationName = Release;
		};
		42B50557280BE6C90049A5DB /* Build configuration list for PBXNativeTarget "FauxActivity" */ = {
			isa = XCConfigurationList;
			buildConfigurations = (
				42B50558280BE6C90049A5DB /* Debug */,
				42B50559280BE6C90049A5DB /* Release */,
			);
			defaultConfigurationIsVisible = 0;
			defaultConfigurationName = Release;
		};
/* End XCConfigurationList section */

/* Begin XCRemoteSwiftPackageReference section */
		42B5055A280BE7340049A5DB /* XCRemoteSwiftPackageReference "Dynamic" */ = {
			isa = XCRemoteSwiftPackageReference;
			repositoryURL = "https://github.com/mhdhejazi/Dynamic";
			requirement = {
				branch = master;
				kind = branch;
			};
		};
/* End XCRemoteSwiftPackageReference section */

/* Begin XCSwiftPackageProductDependency section */
		42B5055B280BE7340049A5DB /* Dynamic */ = {
			isa = XCSwiftPackageProductDependency;
			package = 42B5055A280BE7340049A5DB /* XCRemoteSwiftPackageReference "Dynamic" */;
			productName = Dynamic;
		};
		42B5055E280BE7630049A5DB /* Dynamic */ = {
			isa = XCSwiftPackageProductDependency;
			package = 42B5055A280BE7340049A5DB /* XCRemoteSwiftPackageReference "Dynamic" */;
			productName = Dynamic;
		};
/* End XCSwiftPackageProductDependency section */
	};
	rootObject = 42B5051B280BE6C60049A5DB /* Project object */;
}
